
Microsoft Visual Studio Solution File, Format Version 10.00
# Visual Studio 2008
Project("{FAE04EC0-301F-11D3-BF4B-00C04F79EFBC}") = "PDFtoEPUB", "PDFtoEPUB\PDFtoEPUB.csproj", "{3F7B9791-57B3-4BED-AE1B-4816F3B7CDBC}"
EndProject
Project("{FAE04EC0-301F-11D3-BF4B-00C04F79EFBC}") = "Crabwise.EPUBConversion", "Crabwise.EPUBConversion\Crabwise.EPUBConversion.csproj", "{C582087A-3B01-4B38-90DD-EB565A58F720}"
EndProject
Project("{FAE04EC0-301F-11D3-BF4B-00C04F79EFBC}") = "EPUBConversionTester", "EPUBConversionTester\EPUBConversionTester.csproj", "{B5B6C9B4-92B7-4B2D-94AB-064E1693F7DF}"
EndProject
Project("{2150E333-8FDC-42A3-9474-1A3956D46DE8}") = "Solution Items", "Solution Items", "{B87A4269-7DF0-4612-B34D-F098D50156F5}"
	ProjectSection(SolutionItems) = preProject
		LocalTestRun.testrunconfig = LocalTestRun.testrunconfig
		PDFtoEPUB.vsmdi = PDFtoEPUB.vsmdi
	EndProjectSection
EndProject
Global
	GlobalSection(TestCaseManagementSettings) = postSolution
		CategoryFile = PDFtoEPUB.vsmdi
	EndGlobalSection
	GlobalSection(SolutionConfigurationPlatforms) = preSolution
		Debug|Any CPU = Debug|Any CPU
		Release|Any CPU = Release|Any CPU
	EndGlobalSection
	GlobalSection(ProjectConfigurationPlatforms) = postSolution
		{3F7B9791-57B3-4BED-AE1B-4816F3B7CDBC}.Debug|Any CPU.ActiveCfg = Debug|Any CPU
		{3F7B9791-57B3-4BED-AE1B-4816F3B7CDBC}.Debug|Any CPU.Build.0 = Debug|Any CPU
		{3F7B9791-57B3-4BED-AE1B-4816F3B7CDBC}.Release|Any CPU.ActiveCfg = Release|Any CPU
		{3F7B9791-57B3-4BED-AE1B-4816F3B7CDBC}.Release|Any CPU.Build.0 = Release|Any CPU
		{C582087A-3B01-4B38-90DD-EB565A58F720}.Debug|Any CPU.ActiveCfg = Debug|Any CPU
		{C582087A-3B01-4B38-90DD-EB565A58F720}.Debug|Any CPU.Build.0 = Debug|Any CPU
		{C582087A-3B01-4B38-90DD-EB565A58F720}.Release|Any CPU.ActiveCfg = Release|Any CPU
		{C582087A-3B01-4B38-90DD-EB565A58F720}.Release|Any CPU.Build.0 = Release|Any CPU
		{B5B6C9B4-92B7-4B2D-94AB-064E1693F7DF}.Debug|Any CPU.ActiveCfg = Debug|Any CPU
		{B5B6C9B4-92B7-4B2D-94AB-064E1693F7DF}.Debug|Any CPU.Build.0 = Debug|Any CPU
		{B5B6C9B4-92B7-4B2D-94AB-064E1693F7DF}.Release|Any CPU.ActiveCfg = Release|Any CPU
		{B5B6C9B4-92B7-4B2D-94AB-064E1693F7DF}.Release|Any CPU.Build.0 = Release|Any CPU
	EndGlobalSection
	GlobalSection(SolutionProperties) = preSolution
		HideSolutionNode = FALSE
	EndGlobalSection
EndGlobal
